
Microsoft Visual Studio Solution File, Format Version 12.00
# Visual Studio Version 17
VisualStudioVersion = 17.7.34202.233
MinimumVisualStudioVersion = 10.0.40219.1
Project("{9A19103F-16F7-4668-BE54-9A1E7A4F7556}") = "ModelReplacementAPI", "ModelReplacementAPI\ModelReplacementAPI.csproj", "{2DC60A9D-F44B-4B06-8A37-9B05D6D2CAC8}"
EndProject
Project("{9A19103F-16F7-4668-BE54-9A1E7A4F7556}") = "HatsuneMikuModelReplacement", "HatsuneMikuModelReplacement\HatsuneMikuModelReplacement.csproj", "{1380539A-4B60-4BB6-B8F9-B8800859339A}"
	ProjectSection(ProjectDependencies) = postProject
		{2DC60A9D-F44B-4B06-8A37-9B05D6D2CAC8} = {2DC60A9D-F44B-4B06-8A37-9B05D6D2CAC8}
	EndProjectSection
EndProject
Project("{9A19103F-16F7-4668-BE54-9A1E7A4F7556}") = "ModelReplacementTool", "ModelReplacementTool\ModelReplacementTool.csproj", "{08C98C6E-81B2-46B5-9318-B5938E90D44E}"
EndProject
Global
	GlobalSection(SolutionConfigurationPlatforms) = preSolution
		Debug|Any CPU = Debug|Any CPU
		Release|Any CPU = Release|Any CPU
	EndGlobalSection
	GlobalSection(ProjectConfigurationPlatforms) = postSolution
		{2DC60A9D-F44B-4B06-8A37-9B05D6D2CAC8}.Debug|Any CPU.ActiveCfg = Debug|Any CPU
		{2DC60A9D-F44B-4B06-8A37-9B05D6D2CAC8}.Debug|Any CPU.Build.0 = Debug|Any CPU
		{2DC60A9D-F44B-4B06-8A37-9B05D6D2CAC8}.Release|Any CPU.ActiveCfg = Release|Any CPU
		{2DC60A9D-F44B-4B06-8A37-9B05D6D2CAC8}.Release|Any CPU.Build.0 = Release|Any CPU
		{1380539A-4B60-4BB6-B8F9-B8800859339A}.Debug|Any CPU.ActiveCfg = Debug|Any CPU
		{1380539A-4B60-4BB6-B8F9-B8800859339A}.Debug|Any CPU.Build.0 = Debug|Any CPU
		{1380539A-4B60-4BB6-B8F9-B8800859339A}.Release|Any CPU.ActiveCfg = Release|Any CPU
		{1380539A-4B60-4BB6-B8F9-B8800859339A}.Release|Any CPU.Build.0 = Release|Any CPU
		{08C98C6E-81B2-46B5-9318-B5938E90D44E}.Debug|Any CPU.ActiveCfg = Debug|Any CPU
		{08C98C6E-81B2-46B5-9318-B5938E90D44E}.Debug|Any CPU.Build.0 = Debug|Any CPU
		{08C98C6E-81B2-46B5-9318-B5938E90D44E}.Release|Any CPU.ActiveCfg = Release|Any CPU
		{08C98C6E-81B2-46B5-9318-B5938E90D44E}.Release|Any CPU.Build.0 = Release|Any CPU
	EndGlobalSection
	GlobalSection(SolutionProperties) = preSolution
		HideSolutionNode = FALSE
	EndGlobalSection
	GlobalSection(ExtensibilityGlobals) = postSolution
		SolutionGuid = {7C2A1775-FADD-4F45-83A9-FC6D86A3C7C3}
	EndGlobalSection
EndGlobal
